
Microsoft Visual Studio Solution File, Format Version 12.00
# Visual Studio Version 16
VisualStudioVersion = 16.0.29613.14
MinimumVisualStudioVersion = 10.0.40219.1
Project("{FAE04EC0-301F-11D3-BF4B-00C04F79EFBC}") = "ParseLogs", "ParseLogs\ParseLogs.csproj", "{724936CA-6227-4AD9-A454-4C9436536097}"
EndProject
Project("{FAE04EC0-301F-11D3-BF4B-00C04F79EFBC}") = "ParseLogs.Test", "ParseLogs.Test\ParseLogs.Test.csproj", "{8EDF4429-251A-416D-BB68-93F227191BCF}"
EndProject
Project("{FAE04EC0-301F-11D3-BF4B-00C04F79EFBC}") = "ParseLogsLib", "ParseLogsLib\ParseLogsLib.csproj", "{97603CED-2640-42A8-9BF1-1ED45614EFDE}"
EndProject
Project("{FAE04EC0-301F-11D3-BF4B-00C04F79EFBC}") = "ParseLogsUI.Test", "ParseLogsUI.Test\ParseLogsUI.Test.csproj", "{E8CA03BE-9295-4189-B294-3FB433A31D53}"
EndProject
Project("{FAE04EC0-301F-11D3-BF4B-00C04F79EFBC}") = "DocumentLogger", "DocumentLogger\DocumentLogger.csproj", "{9B8D5B4B-43FB-486D-BEFC-60390219CAC6}"
EndProject
Project("{FAE04EC0-301F-11D3-BF4B-00C04F79EFBC}") = "LogControl", "LogControl\LogControl.csproj", "{F462A193-732F-461B-9CAC-2A9F33BAD84B}"
EndProject
Project("{9A19103F-16F7-4668-BE54-9A1E7A4F7556}") = "CommandLine", "..\commandline\src\CommandLine\CommandLine.csproj", "{A22E3220-7241-419B-9C29-58D4102ECE58}"
EndProject
Project("{FAE04EC0-301F-11D3-BF4B-00C04F79EFBC}") = "WebApp", "WebApp\WebApp.csproj", "{81E3F69B-B8D4-4D5E-AD9E-8957D8B757B1}"
EndProject
Project("{FAE04EC0-301F-11D3-BF4B-00C04F79EFBC}") = "WebApp.Tests", "WebApp.Tests\WebApp.Tests.csproj", "{1F61A8F5-A74C-4EE9-89CC-747C78D0A22A}"
EndProject
Project("{FAE04EC0-301F-11D3-BF4B-00C04F79EFBC}") = "WorkflowService1", "WorkflowService1\WorkflowService1.csproj", "{109E9E93-9E21-413E-904C-C7AEA2CAD60D}"
EndProject
Project("{FAE04EC0-301F-11D3-BF4B-00C04F79EFBC}") = "WcfService1", "WcfService1\WcfService1.csproj", "{67065BB6-7D9B-48D6-9614-791F46B60F95}"
EndProject
Project("{FAE04EC0-301F-11D3-BF4B-00C04F79EFBC}") = "NLogViewer", "..\NLogViewer\src\NLogViewer\NLogViewer.csproj", "{C680AF0B-982A-45FF-B8C0-FBB0C00F17B1}"
EndProject
Global
	GlobalSection(SolutionConfigurationPlatforms) = preSolution
		Debug|Any CPU = Debug|Any CPU
		Debug|x64 = Debug|x64
		Debug|x86 = Debug|x86
		Release|Any CPU = Release|Any CPU
		Release|x64 = Release|x64
		Release|x86 = Release|x86
	EndGlobalSection
	GlobalSection(ProjectConfigurationPlatforms) = postSolution
		{724936CA-6227-4AD9-A454-4C9436536097}.Debug|Any CPU.ActiveCfg = Debug|Any CPU
		{724936CA-6227-4AD9-A454-4C9436536097}.Debug|Any CPU.Build.0 = Debug|Any CPU
		{724936CA-6227-4AD9-A454-4C9436536097}.Debug|x64.ActiveCfg = Debug|x64
		{724936CA-6227-4AD9-A454-4C9436536097}.Debug|x64.Build.0 = Debug|x64
		{724936CA-6227-4AD9-A454-4C9436536097}.Debug|x86.ActiveCfg = Debug|x86
		{724936CA-6227-4AD9-A454-4C9436536097}.Debug|x86.Build.0 = Debug|x86
		{724936CA-6227-4AD9-A454-4C9436536097}.Release|Any CPU.ActiveCfg = Release|Any CPU
		{724936CA-6227-4AD9-A454-4C9436536097}.Release|Any CPU.Build.0 = Release|Any CPU
		{724936CA-6227-4AD9-A454-4C9436536097}.Release|x64.ActiveCfg = Release|x64
		{724936CA-6227-4AD9-A454-4C9436536097}.Release|x64.Build.0 = Release|x64
		{724936CA-6227-4AD9-A454-4C9436536097}.Release|x86.ActiveCfg = Release|x86
		{724936CA-6227-4AD9-A454-4C9436536097}.Release|x86.Build.0 = Release|x86
		{8EDF4429-251A-416D-BB68-93F227191BCF}.Debug|Any CPU.ActiveCfg = Debug|Any CPU
		{8EDF4429-251A-416D-BB68-93F227191BCF}.Debug|Any CPU.Build.0 = Debug|Any CPU
		{8EDF4429-251A-416D-BB68-93F227191BCF}.Debug|x64.ActiveCfg = Debug|x64
		{8EDF4429-251A-416D-BB68-93F227191BCF}.Debug|x64.Build.0 = Debug|x64
		{8EDF4429-251A-416D-BB68-93F227191BCF}.Debug|x86.ActiveCfg = Debug|x86
		{8EDF4429-251A-416D-BB68-93F227191BCF}.Debug|x86.Build.0 = Debug|x86
		{8EDF4429-251A-416D-BB68-93F227191BCF}.Release|Any CPU.ActiveCfg = Release|Any CPU
		{8EDF4429-251A-416D-BB68-93F227191BCF}.Release|Any CPU.Build.0 = Release|Any CPU
		{8EDF4429-251A-416D-BB68-93F227191BCF}.Release|x64.ActiveCfg = Release|x64
		{8EDF4429-251A-416D-BB68-93F227191BCF}.Release|x64.Build.0 = Release|x64
		{8EDF4429-251A-416D-BB68-93F227191BCF}.Release|x86.ActiveCfg = Release|x86
		{8EDF4429-251A-416D-BB68-93F227191BCF}.Release|x86.Build.0 = Release|x86
		{97603CED-2640-42A8-9BF1-1ED45614EFDE}.Debug|Any CPU.ActiveCfg = Debug|Any CPU
		{97603CED-2640-42A8-9BF1-1ED45614EFDE}.Debug|Any CPU.Build.0 = Debug|Any CPU
		{97603CED-2640-42A8-9BF1-1ED45614EFDE}.Debug|x64.ActiveCfg = Debug|x64
		{97603CED-2640-42A8-9BF1-1ED45614EFDE}.Debug|x64.Build.0 = Debug|x64
		{97603CED-2640-42A8-9BF1-1ED45614EFDE}.Debug|x86.ActiveCfg = Debug|x86
		{97603CED-2640-42A8-9BF1-1ED45614EFDE}.Debug|x86.Build.0 = Debug|x86
		{97603CED-2640-42A8-9BF1-1ED45614EFDE}.Release|Any CPU.ActiveCfg = Release|Any CPU
		{97603CED-2640-42A8-9BF1-1ED45614EFDE}.Release|Any CPU.Build.0 = Release|Any CPU
		{97603CED-2640-42A8-9BF1-1ED45614EFDE}.Release|x64.ActiveCfg = Release|x64
		{97603CED-2640-42A8-9BF1-1ED45614EFDE}.Release|x64.Build.0 = Release|x64
		{97603CED-2640-42A8-9BF1-1ED45614EFDE}.Release|x86.ActiveCfg = Release|x86
		{97603CED-2640-42A8-9BF1-1ED45614EFDE}.Release|x86.Build.0 = Release|x86
		{E8CA03BE-9295-4189-B294-3FB433A31D53}.Debug|Any CPU.ActiveCfg = Debug|Any CPU
		{E8CA03BE-9295-4189-B294-3FB433A31D53}.Debug|Any CPU.Build.0 = Debug|Any CPU
		{E8CA03BE-9295-4189-B294-3FB433A31D53}.Debug|x64.ActiveCfg = Debug|x64
		{E8CA03BE-9295-4189-B294-3FB433A31D53}.Debug|x64.Build.0 = Debug|x64
		{E8CA03BE-9295-4189-B294-3FB433A31D53}.Debug|x86.ActiveCfg = Debug|x86
		{E8CA03BE-9295-4189-B294-3FB433A31D53}.Debug|x86.Build.0 = Debug|x86
		{E8CA03BE-9295-4189-B294-3FB433A31D53}.Release|Any CPU.ActiveCfg = Release|Any CPU
		{E8CA03BE-9295-4189-B294-3FB433A31D53}.Release|Any CPU.Build.0 = Release|Any CPU
		{E8CA03BE-9295-4189-B294-3FB433A31D53}.Release|x64.ActiveCfg = Release|x64
		{E8CA03BE-9295-4189-B294-3FB433A31D53}.Release|x64.Build.0 = Release|x64
		{E8CA03BE-9295-4189-B294-3FB433A31D53}.Release|x86.ActiveCfg = Release|x86
		{E8CA03BE-9295-4189-B294-3FB433A31D53}.Release|x86.Build.0 = Release|x86
		{9B8D5B4B-43FB-486D-BEFC-60390219CAC6}.Debug|Any CPU.ActiveCfg = Debug|Any CPU
		{9B8D5B4B-43FB-486D-BEFC-60390219CAC6}.Debug|Any CPU.Build.0 = Debug|Any CPU
		{9B8D5B4B-43FB-486D-BEFC-60390219CAC6}.Debug|x64.ActiveCfg = Debug|x64
		{9B8D5B4B-43FB-486D-BEFC-60390219CAC6}.Debug|x64.Build.0 = Debug|x64
		{9B8D5B4B-43FB-486D-BEFC-60390219CAC6}.Debug|x86.ActiveCfg = Debug|x86
		{9B8D5B4B-43FB-486D-BEFC-60390219CAC6}.Debug|x86.Build.0 = Debug|x86
		{9B8D5B4B-43FB-486D-BEFC-60390219CAC6}.Release|Any CPU.ActiveCfg = Release|Any CPU
		{9B8D5B4B-43FB-486D-BEFC-60390219CAC6}.Release|Any CPU.Build.0 = Release|Any CPU
		{9B8D5B4B-43FB-486D-BEFC-60390219CAC6}.Release|x64.ActiveCfg = Release|x64
		{9B8D5B4B-43FB-486D-BEFC-60390219CAC6}.Release|x64.Build.0 = Release|x64
		{9B8D5B4B-43FB-486D-BEFC-60390219CAC6}.Release|x86.ActiveCfg = Release|x86
		{9B8D5B4B-43FB-486D-BEFC-60390219CAC6}.Release|x86.Build.0 = Release|x86
		{F462A193-732F-461B-9CAC-2A9F33BAD84B}.Debug|Any CPU.ActiveCfg = Debug|Any CPU
		{F462A193-732F-461B-9CAC-2A9F33BAD84B}.Debug|Any CPU.Build.0 = Debug|Any CPU
		{F462A193-732F-461B-9CAC-2A9F33BAD84B}.Debug|x64.ActiveCfg = Debug|x64
		{F462A193-732F-461B-9CAC-2A9F33BAD84B}.Debug|x64.Build.0 = Debug|x64
		{F462A193-732F-461B-9CAC-2A9F33BAD84B}.Debug|x86.ActiveCfg = Debug|x86
		{F462A193-732F-461B-9CAC-2A9F33BAD84B}.Debug|x86.Build.0 = Debug|x86
		{F462A193-732F-461B-9CAC-2A9F33BAD84B}.Release|Any CPU.ActiveCfg = Release|Any CPU
		{F462A193-732F-461B-9CAC-2A9F33BAD84B}.Release|Any CPU.Build.0 = Release|Any CPU
		{F462A193-732F-461B-9CAC-2A9F33BAD84B}.Release|x64.ActiveCfg = Release|x64
		{F462A193-732F-461B-9CAC-2A9F33BAD84B}.Release|x64.Build.0 = Release|x64
		{F462A193-732F-461B-9CAC-2A9F33BAD84B}.Release|x86.ActiveCfg = Release|x86
		{F462A193-732F-461B-9CAC-2A9F33BAD84B}.Release|x86.Build.0 = Release|x86
		{A22E3220-7241-419B-9C29-58D4102ECE58}.Debug|Any CPU.ActiveCfg = Debug|Any CPU
		{A22E3220-7241-419B-9C29-58D4102ECE58}.Debug|Any CPU.Build.0 = Debug|Any CPU
		{A22E3220-7241-419B-9C29-58D4102ECE58}.Debug|x64.ActiveCfg = Debug|x64
		{A22E3220-7241-419B-9C29-58D4102ECE58}.Debug|x64.Build.0 = Debug|x64
		{A22E3220-7241-419B-9C29-58D4102ECE58}.Debug|x86.ActiveCfg = Debug|Any CPU
		{A22E3220-7241-419B-9C29-58D4102ECE58}.Debug|x86.Build.0 = Debug|Any CPU
		{A22E3220-7241-419B-9C29-58D4102ECE58}.Release|Any CPU.ActiveCfg = Release|Any CPU
		{A22E3220-7241-419B-9C29-58D4102ECE58}.Release|Any CPU.Build.0 = Release|Any CPU
		{A22E3220-7241-419B-9C29-58D4102ECE58}.Release|x64.ActiveCfg = Release|Any CPU
		{A22E3220-7241-419B-9C29-58D4102ECE58}.Release|x64.Build.0 = Release|Any CPU
		{A22E3220-7241-419B-9C29-58D4102ECE58}.Release|x86.ActiveCfg = Release|Any CPU
		{A22E3220-7241-419B-9C29-58D4102ECE58}.Release|x86.Build.0 = Release|Any CPU
		{81E3F69B-B8D4-4D5E-AD9E-8957D8B757B1}.Debug|Any CPU.ActiveCfg = Debug|Any CPU
		{81E3F69B-B8D4-4D5E-AD9E-8957D8B757B1}.Debug|Any CPU.Build.0 = Debug|Any CPU
		{81E3F69B-B8D4-4D5E-AD9E-8957D8B757B1}.Debug|x64.ActiveCfg = Debug|Any CPU
		{81E3F69B-B8D4-4D5E-AD9E-8957D8B757B1}.Debug|x64.Build.0 = Debug|Any CPU
		{81E3F69B-B8D4-4D5E-AD9E-8957D8B757B1}.Debug|x86.ActiveCfg = Debug|Any CPU
		{81E3F69B-B8D4-4D5E-AD9E-8957D8B757B1}.Debug|x86.Build.0 = Debug|Any CPU
		{81E3F69B-B8D4-4D5E-AD9E-8957D8B757B1}.Release|Any CPU.ActiveCfg = Release|Any CPU
		{81E3F69B-B8D4-4D5E-AD9E-8957D8B757B1}.Release|Any CPU.Build.0 = Release|Any CPU
		{81E3F69B-B8D4-4D5E-AD9E-8957D8B757B1}.Release|x64.ActiveCfg = Release|Any CPU
		{81E3F69B-B8D4-4D5E-AD9E-8957D8B757B1}.Release|x64.Build.0 = Release|Any CPU
		{81E3F69B-B8D4-4D5E-AD9E-8957D8B757B1}.Release|x86.ActiveCfg = Release|Any CPU
		{81E3F69B-B8D4-4D5E-AD9E-8957D8B757B1}.Release|x86.Build.0 = Release|Any CPU
		{1F61A8F5-A74C-4EE9-89CC-747C78D0A22A}.Debug|Any CPU.ActiveCfg = Debug|Any CPU
		{1F61A8F5-A74C-4EE9-89CC-747C78D0A22A}.Debug|Any CPU.Build.0 = Debug|Any CPU
		{1F61A8F5-A74C-4EE9-89CC-747C78D0A22A}.Debug|x64.ActiveCfg = Debug|Any CPU
		{1F61A8F5-A74C-4EE9-89CC-747C78D0A22A}.Debug|x64.Build.0 = Debug|Any CPU
		{1F61A8F5-A74C-4EE9-89CC-747C78D0A22A}.Debug|x86.ActiveCfg = Debug|Any CPU
		{1F61A8F5-A74C-4EE9-89CC-747C78D0A22A}.Debug|x86.Build.0 = Debug|Any CPU
		{1F61A8F5-A74C-4EE9-89CC-747C78D0A22A}.Release|Any CPU.ActiveCfg = Release|Any CPU
		{1F61A8F5-A74C-4EE9-89CC-747C78D0A22A}.Release|Any CPU.Build.0 = Release|Any CPU
		{1F61A8F5-A74C-4EE9-89CC-747C78D0A22A}.Release|x64.ActiveCfg = Release|Any CPU
		{1F61A8F5-A74C-4EE9-89CC-747C78D0A22A}.Release|x64.Build.0 = Release|Any CPU
		{1F61A8F5-A74C-4EE9-89CC-747C78D0A22A}.Release|x86.ActiveCfg = Release|Any CPU
		{1F61A8F5-A74C-4EE9-89CC-747C78D0A22A}.Release|x86.Build.0 = Release|Any CPU
		{109E9E93-9E21-413E-904C-C7AEA2CAD60D}.Debug|Any CPU.ActiveCfg = Debug|Any CPU
		{109E9E93-9E21-413E-904C-C7AEA2CAD60D}.Debug|Any CPU.Build.0 = Debug|Any CPU
		{109E9E93-9E21-413E-904C-C7AEA2CAD60D}.Debug|x64.ActiveCfg = Debug|Any CPU
		{109E9E93-9E21-413E-904C-C7AEA2CAD60D}.Debug|x64.Build.0 = Debug|Any CPU
		{109E9E93-9E21-413E-904C-C7AEA2CAD60D}.Debug|x86.ActiveCfg = Debug|Any CPU
		{109E9E93-9E21-413E-904C-C7AEA2CAD60D}.Debug|x86.Build.0 = Debug|Any CPU
		{109E9E93-9E21-413E-904C-C7AEA2CAD60D}.Release|Any CPU.ActiveCfg = Release|Any CPU
		{109E9E93-9E21-413E-904C-C7AEA2CAD60D}.Release|Any CPU.Build.0 = Release|Any CPU
		{109E9E93-9E21-413E-904C-C7AEA2CAD60D}.Release|x64.ActiveCfg = Release|Any CPU
		{109E9E93-9E21-413E-904C-C7AEA2CAD60D}.Release|x64.Build.0 = Release|Any CPU
		{109E9E93-9E21-413E-904C-C7AEA2CAD60D}.Release|x86.ActiveCfg = Release|Any CPU
		{109E9E93-9E21-413E-904C-C7AEA2CAD60D}.Release|x86.Build.0 = Release|Any CPU
		{67065BB6-7D9B-48D6-9614-791F46B60F95}.Debug|Any CPU.ActiveCfg = Debug|Any CPU
		{67065BB6-7D9B-48D6-9614-791F46B60F95}.Debug|Any CPU.Build.0 = Debug|Any CPU
		{67065BB6-7D9B-48D6-9614-791F46B60F95}.Debug|x64.ActiveCfg = Debug|Any CPU
		{67065BB6-7D9B-48D6-9614-791F46B60F95}.Debug|x64.Build.0 = Debug|Any CPU
		{67065BB6-7D9B-48D6-9614-791F46B60F95}.Debug|x86.ActiveCfg = Debug|Any CPU
		{67065BB6-7D9B-48D6-9614-791F46B60F95}.Debug|x86.Build.0 = Debug|Any CPU
		{67065BB6-7D9B-48D6-9614-791F46B60F95}.Release|Any CPU.ActiveCfg = Release|Any CPU
		{67065BB6-7D9B-48D6-9614-791F46B60F95}.Release|Any CPU.Build.0 = Release|Any CPU
		{67065BB6-7D9B-48D6-9614-791F46B60F95}.Release|x64.ActiveCfg = Release|Any CPU
		{67065BB6-7D9B-48D6-9614-791F46B60F95}.Release|x64.Build.0 = Release|Any CPU
		{67065BB6-7D9B-48D6-9614-791F46B60F95}.Release|x86.ActiveCfg = Release|Any CPU
		{67065BB6-7D9B-48D6-9614-791F46B60F95}.Release|x86.Build.0 = Release|Any CPU
		{C680AF0B-982A-45FF-B8C0-FBB0C00F17B1}.Debug|Any CPU.ActiveCfg = Debug|Any CPU
		{C680AF0B-982A-45FF-B8C0-FBB0C00F17B1}.Debug|Any CPU.Build.0 = Debug|Any CPU
		{C680AF0B-982A-45FF-B8C0-FBB0C00F17B1}.Debug|x64.ActiveCfg = Debug|Any CPU
		{C680AF0B-982A-45FF-B8C0-FBB0C00F17B1}.Debug|x64.Build.0 = Debug|Any CPU
		{C680AF0B-982A-45FF-B8C0-FBB0C00F17B1}.Debug|x86.ActiveCfg = Debug|Any CPU
		{C680AF0B-982A-45FF-B8C0-FBB0C00F17B1}.Debug|x86.Build.0 = Debug|Any CPU
		{C680AF0B-982A-45FF-B8C0-FBB0C00F17B1}.Release|Any CPU.ActiveCfg = Release|Any CPU
		{C680AF0B-982A-45FF-B8C0-FBB0C00F17B1}.Release|Any CPU.Build.0 = Release|Any CPU
		{C680AF0B-982A-45FF-B8C0-FBB0C00F17B1}.Release|x64.ActiveCfg = Release|Any CPU
		{C680AF0B-982A-45FF-B8C0-FBB0C00F17B1}.Release|x64.Build.0 = Release|Any CPU
		{C680AF0B-982A-45FF-B8C0-FBB0C00F17B1}.Release|x86.ActiveCfg = Release|Any CPU
		{C680AF0B-982A-45FF-B8C0-FBB0C00F17B1}.Release|x86.Build.0 = Release|Any CPU
	EndGlobalSection
	GlobalSection(SolutionProperties) = preSolution
		HideSolutionNode = FALSE
	EndGlobalSection
	GlobalSection(ExtensibilityGlobals) = postSolution
		SolutionGuid = {66F8E939-875E-48D5-861D-373B93CA34F2}
	EndGlobalSection
EndGlobal
