
Microsoft Visual Studio Solution File, Format Version 12.00
# Visual Studio Version 16
VisualStudioVersion = 16.0.29613.14
MinimumVisualStudioVersion = 10.0.40219.1
Project("{FAE04EC0-301F-11D3-BF4B-00C04F79EFBC}") = "ParseLogs", "ParseLogs\ParseLogs.csproj", "{724936CA-6227-4AD9-A454-4C9436536097}"
EndProject
Global
	GlobalSection(SolutionConfigurationPlatforms) = preSolution
		Debug|Any CPU = Debug|Any CPU
		Release|Any CPU = Release|Any CPU
	EndGlobalSection
	GlobalSection(ProjectConfigurationPlatforms) = postSolution
		{724936CA-6227-4AD9-A454-4C9436536097}.Debug|Any CPU.ActiveCfg = Debug|Any CPU
		{724936CA-6227-4AD9-A454-4C9436536097}.Debug|Any CPU.Build.0 = Debug|Any CPU
		{724936CA-6227-4AD9-A454-4C9436536097}.Release|Any CPU.ActiveCfg = Release|Any CPU
		{724936CA-6227-4AD9-A454-4C9436536097}.Release|Any CPU.Build.0 = Release|Any CPU
	EndGlobalSection
	GlobalSection(SolutionProperties) = preSolution
		HideSolutionNode = FALSE
	EndGlobalSection
	GlobalSection(ExtensibilityGlobals) = postSolution
		SolutionGuid = {66F8E939-875E-48D5-861D-373B93CA34F2}
	EndGlobalSection
EndGlobal
