
Microsoft Visual Studio Solution File, Format Version 12.00
# Visual Studio Version 16
VisualStudioVersion = 16.0.29613.14
MinimumVisualStudioVersion = 10.0.40219.1
Project("{FAE04EC0-301F-11D3-BF4B-00C04F79EFBC}") = "ParseLogs", "ParseLogs\ParseLogs.csproj", "{724936CA-6227-4AD9-A454-4C9436536097}"
EndProject
Project("{FAE04EC0-301F-11D3-BF4B-00C04F79EFBC}") = "ParseLogs.Test", "ParseLogs.Test\ParseLogs.Test.csproj", "{8EDF4429-251A-416D-BB68-93F227191BCF}"
EndProject
Project("{FAE04EC0-301F-11D3-BF4B-00C04F79EFBC}") = "ParseLogsLib", "ParseLogsLib\ParseLogsLib.csproj", "{97603CED-2640-42A8-9BF1-1ED45614EFDE}"
EndProject
Project("{FAE04EC0-301F-11D3-BF4B-00C04F79EFBC}") = "ParseLogsUI.Test", "ParseLogsUI.Test\ParseLogsUI.Test.csproj", "{E8CA03BE-9295-4189-B294-3FB433A31D53}"
EndProject
Global
	GlobalSection(SolutionConfigurationPlatforms) = preSolution
		Debug|Any CPU = Debug|Any CPU
		Release|Any CPU = Release|Any CPU
	EndGlobalSection
	GlobalSection(ProjectConfigurationPlatforms) = postSolution
		{724936CA-6227-4AD9-A454-4C9436536097}.Debug|Any CPU.ActiveCfg = Debug|Any CPU
		{724936CA-6227-4AD9-A454-4C9436536097}.Debug|Any CPU.Build.0 = Debug|Any CPU
		{724936CA-6227-4AD9-A454-4C9436536097}.Release|Any CPU.ActiveCfg = Release|Any CPU
		{724936CA-6227-4AD9-A454-4C9436536097}.Release|Any CPU.Build.0 = Release|Any CPU
		{8EDF4429-251A-416D-BB68-93F227191BCF}.Debug|Any CPU.ActiveCfg = Debug|Any CPU
		{8EDF4429-251A-416D-BB68-93F227191BCF}.Debug|Any CPU.Build.0 = Debug|Any CPU
		{8EDF4429-251A-416D-BB68-93F227191BCF}.Release|Any CPU.ActiveCfg = Release|Any CPU
		{8EDF4429-251A-416D-BB68-93F227191BCF}.Release|Any CPU.Build.0 = Release|Any CPU
		{97603CED-2640-42A8-9BF1-1ED45614EFDE}.Debug|Any CPU.ActiveCfg = Debug|Any CPU
		{97603CED-2640-42A8-9BF1-1ED45614EFDE}.Debug|Any CPU.Build.0 = Debug|Any CPU
		{97603CED-2640-42A8-9BF1-1ED45614EFDE}.Release|Any CPU.ActiveCfg = Release|Any CPU
		{97603CED-2640-42A8-9BF1-1ED45614EFDE}.Release|Any CPU.Build.0 = Release|Any CPU
		{E8CA03BE-9295-4189-B294-3FB433A31D53}.Debug|Any CPU.ActiveCfg = Debug|Any CPU
		{E8CA03BE-9295-4189-B294-3FB433A31D53}.Debug|Any CPU.Build.0 = Debug|Any CPU
		{E8CA03BE-9295-4189-B294-3FB433A31D53}.Release|Any CPU.ActiveCfg = Release|Any CPU
		{E8CA03BE-9295-4189-B294-3FB433A31D53}.Release|Any CPU.Build.0 = Release|Any CPU
	EndGlobalSection
	GlobalSection(SolutionProperties) = preSolution
		HideSolutionNode = FALSE
	EndGlobalSection
	GlobalSection(ExtensibilityGlobals) = postSolution
		SolutionGuid = {66F8E939-875E-48D5-861D-373B93CA34F2}
	EndGlobalSection
EndGlobal
